<?xml version="1.0" encoding="utf-8"?>
<Project ToolsVersion="4.0" xmlns="http://schemas.microsoft.com/developer/msbuild/2003">
  <ItemGroup>
    <Filter Include="Source Files">
      <UniqueIdentifier>{4FC737F1-C7A5-4376-A066-2A32D752A2FF}</UniqueIdentifier>
      <Extensions>cpp;c;cc;cxx;def;odl;idl;hpj;bat;asm;asmx</Extensions>
    </Filter>
    <Filter Include="Header Files">
      <UniqueIdentifier>{93995380-89BD-4b04-88EB-625FBE52EBFB}</UniqueIdentifier>
      <Extensions>h;hh;hpp;hxx;hm;inl;inc;ipp;xsd</Extensions>
    </Filter>
    <Filter Include="Resource Files">
      <UniqueIdentifier>{67DA6AB6-F800-4c08-8B7A-83BB121AAD01}</UniqueIdentifier>
      <Extensions>rc;ico;cur;bmp;dlg;rc2;rct;bin;rgs;gif;jpg;jpeg;jpe;resx;tiff;tif;png;wav;mfcribbon-ms</Extensions>
    </Filter>
    <Filter Include="Source Files\win">
      <UniqueIdentifier>{ffc74712-14d5-49a6-9161-66275b193566}</UniqueIdentifier>
    </Filter>
  </ItemGroup>
  <ItemGroup>
    <ClInclude Include="resource.h">
      <Filter>Header Files</Filter>
    </ClInclude>
    <ClInclude Include="..\interface\src\bcd.h">
      <Filter>Header Files</Filter>
    </ClInclude>
    <ClInclude Include="..\interface\src\comms.h">
      <Filter>Header Files</Filter>
    </ClInclude>
    <ClInclude Include="..\interface\src\dn2000f.h">
      <Filter>Header Files</Filter>
    </ClInclude>
    <ClInclude Include="..\interface\src\dn2000fmkii.h">
      <Filter>Header Files</Filter>
    </ClInclude>
    <ClInclude Include="..\interface\src\dn2500f.h">
      <Filter>Header Files</Filter>
    </ClInclude>
    <ClInclude Include="..\interface\src\dn-interface.h">
      <Filter>Header Files</Filter>
    </ClInclude>
    <ClInclude Include="..\interface\src\global.h">
      <Filter>Header Files</Filter>
    </ClInclude>
    <ClInclude Include="..\interface\src\interface.h">
      <Filter>Header Files</Filter>
    </ClInclude>
    <ClInclude Include="..\interface\src\log.h">
      <Filter>Header Files</Filter>
    </ClInclude>
    <ClInclude Include="..\interface\src\pitch.h">
      <Filter>Header Files</Filter>
    </ClInclude>
  </ItemGroup>
  <ItemGroup>
    <None Include="..\src\LICENSE.MIT" />
  </ItemGroup>
  <ItemGroup>
    <ResourceCompile Include="dn-interface.rc">
      <Filter>Resource Files</Filter>
    </ResourceCompile>
  </ItemGroup>
  <ItemGroup>
    <ClCompile Include="..\interface\src\bcd.c">
      <Filter>Source Files</Filter>
    </ClCompile>
    <ClCompile Include="..\interface\src\dn2000fmkii.c">
      <Filter>Source Files</Filter>
    </ClCompile>
    <ClCompile Include="..\interface\src\dn2500f.c">
      <Filter>Source Files</Filter>
    </ClCompile>
    <ClCompile Include="..\interface\src\interface.c">
      <Filter>Source Files</Filter>
    </ClCompile>
    <ClCompile Include="..\interface\src\log.c">
      <Filter>Source Files</Filter>
    </ClCompile>
    <ClCompile Include="..\interface\src\pitch.c">
      <Filter>Source Files</Filter>
    </ClCompile>
    <ClCompile Include="..\interface\src\win\comms.c">
      <Filter>Source Files\win</Filter>
    </ClCompile>
  </ItemGroup>
</Project>